
Microsoft Visual Studio Solution File, Format Version 12.00
# Visual Studio Version 16
VisualStudioVersion = 16.0.29709.97
MinimumVisualStudioVersion = 10.0.40219.1
Project("{FAE04EC0-301F-11D3-BF4B-00C04F79EFBC}") = "SMBD_OTM", "SMBD_OTM\SMBD_OTM.csproj", "{C8536DC5-C5B0-468E-A911-ED5424CF46F2}"
EndProject
Global
	GlobalSection(SolutionConfigurationPlatforms) = preSolution
		Debug|Any CPU = Debug|Any CPU
		Release|Any CPU = Release|Any CPU
	EndGlobalSection
	GlobalSection(ProjectConfigurationPlatforms) = postSolution
		{C8536DC5-C5B0-468E-A911-ED5424CF46F2}.Debug|Any CPU.ActiveCfg = Debug|Any CPU
		{C8536DC5-C5B0-468E-A911-ED5424CF46F2}.Debug|Any CPU.Build.0 = Debug|Any CPU
		{C8536DC5-C5B0-468E-A911-ED5424CF46F2}.Release|Any CPU.ActiveCfg = Release|Any CPU
		{C8536DC5-C5B0-468E-A911-ED5424CF46F2}.Release|Any CPU.Build.0 = Release|Any CPU
	EndGlobalSection
	GlobalSection(SolutionProperties) = preSolution
		HideSolutionNode = FALSE
	EndGlobalSection
	GlobalSection(ExtensibilityGlobals) = postSolution
		SolutionGuid = {824F2EE9-F1CB-4250-828C-BCCA945FDAFE}
	EndGlobalSection
EndGlobal
